
Microsoft Visual Studio Solution File, Format Version 12.00
# Visual Studio Version 17
VisualStudioVersion = 17.10.35013.160
MinimumVisualStudioVersion = 10.0.40219.1
Project("{9A19103F-16F7-4668-BE54-9A1E7A4F7556}") = "Ordering.Domain", "Ordering.Domain\Ordering.Domain.csproj", "{AFA7B5FD-D02E-4DC1-A17D-F3AA804B0E2B}"
EndProject
Project("{9A19103F-16F7-4668-BE54-9A1E7A4F7556}") = "Ordering.UnitTests", "Ordering.UnitTests\Ordering.UnitTests.csproj", "{52B13F0F-EC0B-4A77-B0D5-DDF93AE01CC6}"
EndProject
Project("{9A19103F-16F7-4668-BE54-9A1E7A4F7556}") = "Ordering.Infrastructure", "Ordering.Infrastructure\Ordering.Infrastructure.csproj", "{30816F6D-7687-434C-A114-739386BE10CA}"
EndProject
Project("{9A19103F-16F7-4668-BE54-9A1E7A4F7556}") = "Ordering.API", "Ordering.API\Ordering.API.csproj", "{F1F7AC1F-B60D-44C9-92E3-A2F1835FF4BC}"
EndProject
Project("{FAE04EC0-301F-11D3-BF4B-00C04F79EFBC}") = "Ordering.Application", "Ordering.Application\Ordering.Application.csproj", "{23FFFA03-384C-4955-AB91-53D31410D6E2}"
EndProject
Global
	GlobalSection(SolutionConfigurationPlatforms) = preSolution
		Debug|Any CPU = Debug|Any CPU
		Release|Any CPU = Release|Any CPU
	EndGlobalSection
	GlobalSection(ProjectConfigurationPlatforms) = postSolution
		{AFA7B5FD-D02E-4DC1-A17D-F3AA804B0E2B}.Debug|Any CPU.ActiveCfg = Debug|Any CPU
		{AFA7B5FD-D02E-4DC1-A17D-F3AA804B0E2B}.Debug|Any CPU.Build.0 = Debug|Any CPU
		{AFA7B5FD-D02E-4DC1-A17D-F3AA804B0E2B}.Release|Any CPU.ActiveCfg = Release|Any CPU
		{AFA7B5FD-D02E-4DC1-A17D-F3AA804B0E2B}.Release|Any CPU.Build.0 = Release|Any CPU
		{52B13F0F-EC0B-4A77-B0D5-DDF93AE01CC6}.Debug|Any CPU.ActiveCfg = Debug|Any CPU
		{52B13F0F-EC0B-4A77-B0D5-DDF93AE01CC6}.Debug|Any CPU.Build.0 = Debug|Any CPU
		{52B13F0F-EC0B-4A77-B0D5-DDF93AE01CC6}.Release|Any CPU.ActiveCfg = Release|Any CPU
		{52B13F0F-EC0B-4A77-B0D5-DDF93AE01CC6}.Release|Any CPU.Build.0 = Release|Any CPU
		{30816F6D-7687-434C-A114-739386BE10CA}.Debug|Any CPU.ActiveCfg = Debug|Any CPU
		{30816F6D-7687-434C-A114-739386BE10CA}.Debug|Any CPU.Build.0 = Debug|Any CPU
		{30816F6D-7687-434C-A114-739386BE10CA}.Release|Any CPU.ActiveCfg = Release|Any CPU
		{30816F6D-7687-434C-A114-739386BE10CA}.Release|Any CPU.Build.0 = Release|Any CPU
		{F1F7AC1F-B60D-44C9-92E3-A2F1835FF4BC}.Debug|Any CPU.ActiveCfg = Debug|Any CPU
		{F1F7AC1F-B60D-44C9-92E3-A2F1835FF4BC}.Debug|Any CPU.Build.0 = Debug|Any CPU
		{F1F7AC1F-B60D-44C9-92E3-A2F1835FF4BC}.Release|Any CPU.ActiveCfg = Release|Any CPU
		{F1F7AC1F-B60D-44C9-92E3-A2F1835FF4BC}.Release|Any CPU.Build.0 = Release|Any CPU
		{23FFFA03-384C-4955-AB91-53D31410D6E2}.Debug|Any CPU.ActiveCfg = Debug|Any CPU
		{23FFFA03-384C-4955-AB91-53D31410D6E2}.Debug|Any CPU.Build.0 = Debug|Any CPU
		{23FFFA03-384C-4955-AB91-53D31410D6E2}.Release|Any CPU.ActiveCfg = Release|Any CPU
		{23FFFA03-384C-4955-AB91-53D31410D6E2}.Release|Any CPU.Build.0 = Release|Any CPU
	EndGlobalSection
	GlobalSection(SolutionProperties) = preSolution
		HideSolutionNode = FALSE
	EndGlobalSection
	GlobalSection(ExtensibilityGlobals) = postSolution
		SolutionGuid = {1115EFA4-9F22-476D-97F4-2F58BAD199E2}
	EndGlobalSection
EndGlobal
