
Microsoft Visual Studio Solution File, Format Version 12.00
# Visual Studio Version 17
VisualStudioVersion = 17.10.35013.160
MinimumVisualStudioVersion = 10.0.40219.1
Project("{9A19103F-16F7-4668-BE54-9A1E7A4F7556}") = "Ordering.Domain", "Ordering.Domain\Ordering.Domain.csproj", "{AFA7B5FD-D02E-4DC1-A17D-F3AA804B0E2B}"
EndProject
Project("{9A19103F-16F7-4668-BE54-9A1E7A4F7556}") = "Ordering.UnitTests", "..\Ordering.UnitTests\Ordering.UnitTests.csproj", "{EF1D38ED-7DBC-430D-901C-77634EA4FC72}"
EndProject
Project("{9A19103F-16F7-4668-BE54-9A1E7A4F7556}") = "Ordering.API", "..\Ordering.API\Ordering.API\Ordering.API.csproj", "{6DF02DAC-BFF3-4F20-B2FE-A2BB108A7BB3}"
EndProject
Project("{9A19103F-16F7-4668-BE54-9A1E7A4F7556}") = "Ordering.Infrastructure", "..\Ordering.Infrastructure\Ordering.Infrastructure.csproj", "{D110FF99-E0F3-4E3A-A86B-EB0CD5C033F5}"
EndProject
Project("{9A19103F-16F7-4668-BE54-9A1E7A4F7556}") = "Identity.API", "..\Identity.API\Identity.API.csproj", "{FCE7858D-870D-4C99-94EC-3D394639A27A}"
EndProject
Project("{9A19103F-16F7-4668-BE54-9A1E7A4F7556}") = "eShop.ServiceDefaults", "..\eShop.ServiceDefaults\eShop.ServiceDefaults.csproj", "{D916F8B6-A3C1-44C8-A822-46F8562C771F}"
EndProject
Global
	GlobalSection(SolutionConfigurationPlatforms) = preSolution
		Debug|Any CPU = Debug|Any CPU
		Release|Any CPU = Release|Any CPU
	EndGlobalSection
	GlobalSection(ProjectConfigurationPlatforms) = postSolution
		{AFA7B5FD-D02E-4DC1-A17D-F3AA804B0E2B}.Debug|Any CPU.ActiveCfg = Debug|Any CPU
		{AFA7B5FD-D02E-4DC1-A17D-F3AA804B0E2B}.Debug|Any CPU.Build.0 = Debug|Any CPU
		{AFA7B5FD-D02E-4DC1-A17D-F3AA804B0E2B}.Release|Any CPU.ActiveCfg = Release|Any CPU
		{AFA7B5FD-D02E-4DC1-A17D-F3AA804B0E2B}.Release|Any CPU.Build.0 = Release|Any CPU
		{EF1D38ED-7DBC-430D-901C-77634EA4FC72}.Debug|Any CPU.ActiveCfg = Debug|Any CPU
		{EF1D38ED-7DBC-430D-901C-77634EA4FC72}.Debug|Any CPU.Build.0 = Debug|Any CPU
		{EF1D38ED-7DBC-430D-901C-77634EA4FC72}.Release|Any CPU.ActiveCfg = Release|Any CPU
		{EF1D38ED-7DBC-430D-901C-77634EA4FC72}.Release|Any CPU.Build.0 = Release|Any CPU
		{6DF02DAC-BFF3-4F20-B2FE-A2BB108A7BB3}.Debug|Any CPU.ActiveCfg = Debug|Any CPU
		{6DF02DAC-BFF3-4F20-B2FE-A2BB108A7BB3}.Debug|Any CPU.Build.0 = Debug|Any CPU
		{6DF02DAC-BFF3-4F20-B2FE-A2BB108A7BB3}.Release|Any CPU.ActiveCfg = Release|Any CPU
		{6DF02DAC-BFF3-4F20-B2FE-A2BB108A7BB3}.Release|Any CPU.Build.0 = Release|Any CPU
		{D110FF99-E0F3-4E3A-A86B-EB0CD5C033F5}.Debug|Any CPU.ActiveCfg = Debug|Any CPU
		{D110FF99-E0F3-4E3A-A86B-EB0CD5C033F5}.Debug|Any CPU.Build.0 = Debug|Any CPU
		{D110FF99-E0F3-4E3A-A86B-EB0CD5C033F5}.Release|Any CPU.ActiveCfg = Release|Any CPU
		{D110FF99-E0F3-4E3A-A86B-EB0CD5C033F5}.Release|Any CPU.Build.0 = Release|Any CPU
		{FCE7858D-870D-4C99-94EC-3D394639A27A}.Debug|Any CPU.ActiveCfg = Debug|Any CPU
		{FCE7858D-870D-4C99-94EC-3D394639A27A}.Debug|Any CPU.Build.0 = Debug|Any CPU
		{FCE7858D-870D-4C99-94EC-3D394639A27A}.Release|Any CPU.ActiveCfg = Release|Any CPU
		{FCE7858D-870D-4C99-94EC-3D394639A27A}.Release|Any CPU.Build.0 = Release|Any CPU
		{D916F8B6-A3C1-44C8-A822-46F8562C771F}.Debug|Any CPU.ActiveCfg = Debug|Any CPU
		{D916F8B6-A3C1-44C8-A822-46F8562C771F}.Debug|Any CPU.Build.0 = Debug|Any CPU
		{D916F8B6-A3C1-44C8-A822-46F8562C771F}.Release|Any CPU.ActiveCfg = Release|Any CPU
		{D916F8B6-A3C1-44C8-A822-46F8562C771F}.Release|Any CPU.Build.0 = Release|Any CPU
	EndGlobalSection
	GlobalSection(SolutionProperties) = preSolution
		HideSolutionNode = FALSE
	EndGlobalSection
	GlobalSection(ExtensibilityGlobals) = postSolution
		SolutionGuid = {1115EFA4-9F22-476D-97F4-2F58BAD199E2}
	EndGlobalSection
EndGlobal
